{
  "name": "@libernet/starkom",
  "version": "0.2.1",
  "lockfileVersion": 3,
  "requires": true,
  "packages": {
    "": {
      "name": "@libernet/starkom",
      "version": "0.2.1",
      "license": "Apache-2.0",
      "dependencies": {
        "protobufjs": "^8.6.3"
      },
      "bin": {
        "starkom": "dist/cli.js"
      },
      "devDependencies": {
        "typescript": "^6.0.3"
      }
    },
    "node_modules/long": {
      "version": "5.3.2",
      "resolved": "https://registry.npmjs.org/long/-/long-5.3.2.tgz",
      "integrity": "sha512-mNAgZ1GmyNhD7AuqnTG3/VQ26o760+ZYBPKjPvugO8+nLbYfX6TVpJPseBvopbdY+qpZ/lKUnmEc1LeZYS3QAA==",
      "license": "Apache-2.0"
    },
    "node_modules/protobufjs": {
      "version": "8.6.3",
      "resolved": "https://registry.npmjs.org/protobufjs/-/protobufjs-8.6.3.tgz",
      "integrity": "sha512-alQyzT0j401LGBtwsqu6uprjR6pfNH1UJf9N6GBFMjIcd+HzTe0/HrjAbFCqun+zvnfLarrxAtMM2xvZ+kFZ5A==",
      "license": "BSD-3-Clause",
      "dependencies": {
        "long": "^5.3.2"
      },
      "engines": {
        "node": ">=12.0.0"
      }
    },
    "node_modules/typescript": {
      "version": "6.0.3",
      "resolved": "https://registry.npmjs.org/typescript/-/typescript-6.0.3.tgz",
      "integrity": "sha512-y2TvuxSZPDyQakkFRPZHKFm+KKVqIisdg9/CZwm9ftvKXLP8NRWj38/ODjNbr43SsoXqNuAisEf1GdCxqWcdBw==",
      "dev": true,
      "license": "Apache-2.0",
      "bin": {
        "tsc": "bin/tsc",
        "tsserver": "bin/tsserver"
      },
      "engines": {
        "node": ">=14.17"
      }
    }
  }
}
